
Microsoft Visual Studio Solution File, Format Version 12.00
# Visual Studio 2013
VisualStudioVersion = 12.0.21005.1
MinimumVisualStudioVersion = 10.0.40219.1
Project("{FAE04EC0-301F-11D3-BF4B-00C04F79EFBC}") = "CiberGestion.Dominio", "src\CiberGestion.Dominio\CiberGestion.Dominio.csproj", "{C2FE78EB-B2F3-4539-BF73-F0BD242E4673}"
EndProject
Project("{FAE04EC0-301F-11D3-BF4B-00C04F79EFBC}") = "CiberGestion.MVC", "src\CiberGestion.MVC\CiberGestion.MVC.csproj", "{B89AC80D-85B7-4F71-BAE4-01D81663A940}"
EndProject
Global
	GlobalSection(SolutionConfigurationPlatforms) = preSolution
		Debug|Any CPU = Debug|Any CPU
		Release|Any CPU = Release|Any CPU
	EndGlobalSection
	GlobalSection(ProjectConfigurationPlatforms) = postSolution
		{C2FE78EB-B2F3-4539-BF73-F0BD242E4673}.Debug|Any CPU.ActiveCfg = Debug|Any CPU
		{C2FE78EB-B2F3-4539-BF73-F0BD242E4673}.Debug|Any CPU.Build.0 = Debug|Any CPU
		{C2FE78EB-B2F3-4539-BF73-F0BD242E4673}.Release|Any CPU.ActiveCfg = Release|Any CPU
		{C2FE78EB-B2F3-4539-BF73-F0BD242E4673}.Release|Any CPU.Build.0 = Release|Any CPU
		{B89AC80D-85B7-4F71-BAE4-01D81663A940}.Debug|Any CPU.ActiveCfg = Debug|Any CPU
		{B89AC80D-85B7-4F71-BAE4-01D81663A940}.Debug|Any CPU.Build.0 = Debug|Any CPU
		{B89AC80D-85B7-4F71-BAE4-01D81663A940}.Release|Any CPU.ActiveCfg = Release|Any CPU
		{B89AC80D-85B7-4F71-BAE4-01D81663A940}.Release|Any CPU.Build.0 = Release|Any CPU
	EndGlobalSection
	GlobalSection(SolutionProperties) = preSolution
		HideSolutionNode = FALSE
	EndGlobalSection
EndGlobal
